{
  "version": 4,
  "terraform_version": "1.15.8",
  "serial": 97,
  "lineage": "c19b9494-c731-6906-32a3-55477ac08f4c",
  "outputs": {
    "vms": {
      "value": {
        "control-plane-1": {
          "id": 4,
          "ip": "192.168.100.100"
        },
        "worker01": {
          "id": 6,
          "ip": "192.168.100.101"
        },
        "worker02": {
          "id": 5,
          "ip": "192.168.100.102"
        }
      },
      "type": [
        "object",
        {
          "control-plane-1": [
            "object",
            {
              "id": "number",
              "ip": "string"
            }
          ],
          "worker01": [
            "object",
            {
              "id": "number",
              "ip": "string"
            }
          ],
          "worker02": [
            "object",
            {
              "id": "number",
              "ip": "string"
            }
          ]
        }
      ]
    }
  },
  "resources": [
    {
      "mode": "managed",
      "type": "ansible_group",
      "name": "k8s_control_plane",
      "provider": "provider[\"registry.terraform.io/ansible/ansible\"]",
      "instances": [
        {
          "schema_version": 1,
          "attributes": {
            "children": null,
            "id": "control-plane",
            "name": "control-plane",
            "variables": null
          },
          "sensitive_attributes": [],
          "identity_schema_version": 0
        }
      ]
    },
    {
      "mode": "managed",
      "type": "ansible_group",
      "name": "k8s_workers",
      "provider": "provider[\"registry.terraform.io/ansible/ansible\"]",
      "instances": [
        {
          "schema_version": 1,
          "attributes": {
            "children": null,
            "id": "workers",
            "name": "workers",
            "variables": null
          },
          "sensitive_attributes": [],
          "identity_schema_version": 0
        }
      ]
    },
    {
      "mode": "managed",
      "type": "ansible_host",
      "name": "k8s-control-plane-1",
      "provider": "provider[\"registry.terraform.io/ansible/ansible\"]",
      "instances": [
        {
          "schema_version": 1,
          "attributes": {
            "groups": [
              "control-plane"
            ],
            "id": "k8s-control-plane-1",
            "name": "k8s-control-plane-1",
            "variables": {
              "value": {
                "ansible_host": "192.168.100.100",
                "ansible_ssh_common_args": "-o StrictHostKeyChecking=no",
                "ansible_ssh_private_key_file": "/home/adrien/.ssh/id_ed25519",
                "ansible_user": "ubuntu"
              },
              "type": [
                "object",
                {
                  "ansible_host": "string",
                  "ansible_ssh_common_args": "string",
                  "ansible_ssh_private_key_file": "string",
                  "ansible_user": "string"
                }
              ]
            }
          },
          "sensitive_attributes": [],
          "identity_schema_version": 0,
          "dependencies": [
            "ansible_group.k8s_control_plane"
          ]
        }
      ]
    },
    {
      "mode": "managed",
      "type": "ansible_host",
      "name": "k8s-worker01",
      "provider": "provider[\"registry.terraform.io/ansible/ansible\"]",
      "instances": [
        {
          "schema_version": 1,
          "attributes": {
            "groups": [
              "workers"
            ],
            "id": "k8s-worker01",
            "name": "k8s-worker01",
            "variables": {
              "value": {
                "ansible_host": "192.168.100.101",
                "ansible_ssh_common_args": "-o StrictHostKeyChecking=no",
                "ansible_ssh_private_key_file": "/home/adrien/.ssh/id_ed25519",
                "ansible_user": "ubuntu"
              },
              "type": [
                "object",
                {
                  "ansible_host": "string",
                  "ansible_ssh_common_args": "string",
                  "ansible_ssh_private_key_file": "string",
                  "ansible_user": "string"
                }
              ]
            }
          },
          "sensitive_attributes": [],
          "identity_schema_version": 0,
          "dependencies": [
            "ansible_group.k8s_workers"
          ]
        }
      ]
    },
    {
      "mode": "managed",
      "type": "ansible_host",
      "name": "k8s-worker02",
      "provider": "provider[\"registry.terraform.io/ansible/ansible\"]",
      "instances": [
        {
          "schema_version": 1,
          "attributes": {
            "groups": [
              "workers"
            ],
            "id": "k8s-worker02",
            "name": "k8s-worker02",
            "variables": {
              "value": {
                "ansible_host": "192.168.100.102",
                "ansible_ssh_common_args": "-o StrictHostKeyChecking=no",
                "ansible_ssh_private_key_file": "/home/adrien/.ssh/id_ed25519",
                "ansible_user": "ubuntu"
              },
              "type": [
                "object",
                {
                  "ansible_host": "string",
                  "ansible_ssh_common_args": "string",
                  "ansible_ssh_private_key_file": "string",
                  "ansible_user": "string"
                }
              ]
            }
          },
          "sensitive_attributes": [],
          "identity_schema_version": 0,
          "dependencies": [
            "ansible_group.k8s_workers"
          ]
        }
      ]
    },
    {
      "mode": "managed",
      "type": "libvirt_cloudinit_disk",
      "name": "init",
      "provider": "provider[\"registry.terraform.io/dmacvicar/libvirt\"]",
      "instances": [
        {
          "index_key": "control-plane-1",
          "schema_version": 0,
          "attributes": {
            "id": "75c7a55175d0e639",
            "meta_data": "\"instance-id\": \"control-plane-1\"\n\"local-hostname\": \"control-plane-1\"\n",
            "name": "control-plane-1-cloudinit",
            "network_config": "version: 2\nethernets:\n  default:\n    match:\n      driver: virtio*   # Match n'importe quelle interface virtio\n    dhcp4: false\n    dhcp6: false\n    addresses:\n      - 192.168.100.100/24\n    routes:\n      - to: default\n        via: 192.168.100.1/24\n    nameservers:\n      addresses:\n        - 192.168.1.254\n        - 8.8.8.8\n",
            "path": "/tmp/terraform-provider-libvirt-cloudinit/cloudinit-75c7a55175d0e639.iso",
            "size": 45056,
            "user_data": "#cloud-config\n\n# Hostname de la VM\nhostname: control-plane-1\nfqdn: control-plane-1.local\nmanage_etc_hosts: true\n\n# Utilisateur par défaut\nusers:\n  - name: ubuntu\n    groups: [adm, sudo, docker]\n    shell: /bin/bash\n    sudo: ALL=(ALL) NOPASSWD:ALL\n    lock_passwd: true  # Désactive le mot de passe (SSH key only)\n    ssh_authorized_keys:\n      - ssh-ed25519 AAAAC3NzaC1lZDI1NTE5AAAAIL6n9YeW0YeEuFrczlzyk8CpklO52451w/y164L9h4zO adri17ve@gmail.com\n\n\n# Paquets à installer\npackages:\n  - qemu-guest-agent  # Indispensable pour récupérer l'IP\n  - curl\n  - vim\n  - htop\n\n# Activer l'agent QEMU au démarrage\nruncmd:\n  - systemctl enable --now qemu-guest-agent\n\n# Autoriser SSH par clé uniquement\nssh_pwauth: false\n\n# Mise à jour des paquets au premier boot\npackage_update: true\npackage_upgrade: false  # Évite les surprises de temps\n\n# Message final\nfinal_message: |\n  Cloud-init terminé après $UPTIME secondes.\n  Hostname: control-plane-1\n  Connectez-vous avec: ssh ubuntu@\u003cIP\u003e\n"
          },
          "sensitive_attributes": [],
          "identity_schema_version": 0
        },
        {
          "index_key": "worker01",
          "schema_version": 0,
          "attributes": {
            "id": "69ff69f530a2b4bb",
            "meta_data": "\"instance-id\": \"worker01\"\n\"local-hostname\": \"worker01\"\n",
            "name": "worker01-cloudinit",
            "network_config": "version: 2\nethernets:\n  default:\n    match:\n      driver: virtio*   # Match n'importe quelle interface virtio\n    dhcp4: false\n    dhcp6: false\n    addresses:\n      - 192.168.100.101/24\n    routes:\n      - to: default\n        via: 192.168.100.1/24\n    nameservers:\n      addresses:\n        - 192.168.1.254\n        - 8.8.8.8\n",
            "path": "/tmp/terraform-provider-libvirt-cloudinit/cloudinit-69ff69f530a2b4bb.iso",
            "size": 45056,
            "user_data": "#cloud-config\n\n# Hostname de la VM\nhostname: worker01\nfqdn: worker01.local\nmanage_etc_hosts: true\n\n# Utilisateur par défaut\nusers:\n  - name: ubuntu\n    groups: [adm, sudo, docker]\n    shell: /bin/bash\n    sudo: ALL=(ALL) NOPASSWD:ALL\n    lock_passwd: true  # Désactive le mot de passe (SSH key only)\n    ssh_authorized_keys:\n      - ssh-ed25519 AAAAC3NzaC1lZDI1NTE5AAAAIL6n9YeW0YeEuFrczlzyk8CpklO52451w/y164L9h4zO adri17ve@gmail.com\n\n\n# Paquets à installer\npackages:\n  - qemu-guest-agent  # Indispensable pour récupérer l'IP\n  - curl\n  - vim\n  - htop\n\n# Activer l'agent QEMU au démarrage\nruncmd:\n  - systemctl enable --now qemu-guest-agent\n\n# Autoriser SSH par clé uniquement\nssh_pwauth: false\n\n# Mise à jour des paquets au premier boot\npackage_update: true\npackage_upgrade: false  # Évite les surprises de temps\n\n# Message final\nfinal_message: |\n  Cloud-init terminé après $UPTIME secondes.\n  Hostname: worker01\n  Connectez-vous avec: ssh ubuntu@\u003cIP\u003e\n"
          },
          "sensitive_attributes": [],
          "identity_schema_version": 0
        },
        {
          "index_key": "worker02",
          "schema_version": 0,
          "attributes": {
            "id": "0a21761b20a1dec3",
            "meta_data": "\"instance-id\": \"worker02\"\n\"local-hostname\": \"worker02\"\n",
            "name": "worker02-cloudinit",
            "network_config": "version: 2\nethernets:\n  default:\n    match:\n      driver: virtio*   # Match n'importe quelle interface virtio\n    dhcp4: false\n    dhcp6: false\n    addresses:\n      - 192.168.100.102/24\n    routes:\n      - to: default\n        via: 192.168.100.1/24\n    nameservers:\n      addresses:\n        - 192.168.1.254\n        - 8.8.8.8\n",
            "path": "/tmp/terraform-provider-libvirt-cloudinit/cloudinit-0a21761b20a1dec3.iso",
            "size": 45056,
            "user_data": "#cloud-config\n\n# Hostname de la VM\nhostname: worker02\nfqdn: worker02.local\nmanage_etc_hosts: true\n\n# Utilisateur par défaut\nusers:\n  - name: ubuntu\n    groups: [adm, sudo, docker]\n    shell: /bin/bash\n    sudo: ALL=(ALL) NOPASSWD:ALL\n    lock_passwd: true  # Désactive le mot de passe (SSH key only)\n    ssh_authorized_keys:\n      - ssh-ed25519 AAAAC3NzaC1lZDI1NTE5AAAAIL6n9YeW0YeEuFrczlzyk8CpklO52451w/y164L9h4zO adri17ve@gmail.com\n\n\n# Paquets à installer\npackages:\n  - qemu-guest-agent  # Indispensable pour récupérer l'IP\n  - curl\n  - vim\n  - htop\n\n# Activer l'agent QEMU au démarrage\nruncmd:\n  - systemctl enable --now qemu-guest-agent\n\n# Autoriser SSH par clé uniquement\nssh_pwauth: false\n\n# Mise à jour des paquets au premier boot\npackage_update: true\npackage_upgrade: false  # Évite les surprises de temps\n\n# Message final\nfinal_message: |\n  Cloud-init terminé après $UPTIME secondes.\n  Hostname: worker02\n  Connectez-vous avec: ssh ubuntu@\u003cIP\u003e\n"
          },
          "sensitive_attributes": [],
          "identity_schema_version": 0
        }
      ]
    },
    {
      "mode": "managed",
      "type": "libvirt_domain",
      "name": "vms",
      "provider": "provider[\"registry.terraform.io/dmacvicar/libvirt\"]",
      "instances": [
        {
          "index_key": "control-plane-1",
          "schema_version": 0,
          "attributes": {
            "autostart": null,
            "bhyve_commandline": null,
            "block_io_tune": null,
            "bootloader": null,
            "bootloader_args": null,
            "clock": null,
            "cpu": {
              "cache": null,
              "check": null,
              "deprecated_features": null,
              "features": null,
              "match": null,
              "max_phys_addr": null,
              "migratable": null,
              "mode": "host-passthrough",
              "model": null,
              "model_fallback": null,
              "model_vendor_id": null,
              "numa": null,
              "topology": null,
              "vendor": null
            },
            "cpu_tune": null,
            "create": null,
            "current_memory": null,
            "current_memory_unit": null,
            "default_io_thread": null,
            "description": null,
            "destroy": null,
            "devices": {
              "audios": null,
              "channels": null,
              "consoles": null,
              "controllers": null,
              "crypto": null,
              "disks": [
                {
                  "acpi": null,
                  "address": null,
                  "alias": null,
                  "auth": null,
                  "backend_domain": null,
                  "backing_store": null,
                  "block_io": null,
                  "boot": null,
                  "device": null,
                  "driver": {
                    "ats": null,
                    "cache": null,
                    "copy_on_read": null,
                    "detect_zeros": null,
                    "discard": null,
                    "discard_no_unref": null,
                    "error_policy": null,
                    "event_idx": null,
                    "io": null,
                    "io_event_fd": null,
                    "io_thread": null,
                    "io_threads": null,
                    "iommu": null,
                    "metadata_cache": null,
                    "name": "qemu",
                    "packed": null,
                    "page_per_vq": null,
                    "queue_size": null,
                    "queues": null,
                    "rerror_policy": null,
                    "type": "qcow2"
                  },
                  "encryption": null,
                  "geometry": null,
                  "io_tune": null,
                  "mirror": null,
                  "model": null,
                  "product": null,
                  "raw_io": null,
                  "read_only": null,
                  "serial": null,
                  "sgio": null,
                  "shareable": null,
                  "snapshot": null,
                  "source": {
                    "block": null,
                    "cookies": null,
                    "data_store": null,
                    "dir": null,
                    "encryption": null,
                    "file": null,
                    "index": null,
                    "network": null,
                    "nvme": null,
                    "readahead": null,
                    "reservations": null,
                    "slices": null,
                    "ssl": null,
                    "startup_policy": null,
                    "timeout": null,
                    "vhost_user": null,
                    "vhost_vdpa": null,
                    "volume": {
                      "mode": null,
                      "pool": "VMs",
                      "sec_label": null,
                      "volume": "control-plane-1.qcow2"
                    }
                  },
                  "target": {
                    "bus": "virtio",
                    "dev": "vda",
                    "removable": null,
                    "rotation_rate": null,
                    "tray": null
                  },
                  "throttle_filters": null,
                  "transient": null,
                  "vendor": null,
                  "wwn": null
                },
                {
                  "acpi": null,
                  "address": null,
                  "alias": null,
                  "auth": null,
                  "backend_domain": null,
                  "backing_store": null,
                  "block_io": null,
                  "boot": null,
                  "device": "cdrom",
                  "driver": {
                    "ats": null,
                    "cache": null,
                    "copy_on_read": null,
                    "detect_zeros": null,
                    "discard": null,
                    "discard_no_unref": null,
                    "error_policy": null,
                    "event_idx": null,
                    "io": null,
                    "io_event_fd": null,
                    "io_thread": null,
                    "io_threads": null,
                    "iommu": null,
                    "metadata_cache": null,
                    "name": "qemu",
                    "packed": null,
                    "page_per_vq": null,
                    "queue_size": null,
                    "queues": null,
                    "rerror_policy": null,
                    "type": "raw"
                  },
                  "encryption": null,
                  "geometry": null,
                  "io_tune": null,
                  "mirror": null,
                  "model": null,
                  "product": null,
                  "raw_io": null,
                  "read_only": null,
                  "serial": null,
                  "sgio": null,
                  "shareable": null,
                  "snapshot": null,
                  "source": {
                    "block": null,
                    "cookies": null,
                    "data_store": null,
                    "dir": null,
                    "encryption": null,
                    "file": null,
                    "index": null,
                    "network": null,
                    "nvme": null,
                    "readahead": null,
                    "reservations": null,
                    "slices": null,
                    "ssl": null,
                    "startup_policy": null,
                    "timeout": null,
                    "vhost_user": null,
                    "vhost_vdpa": null,
                    "volume": {
                      "mode": null,
                      "pool": "VMs",
                      "sec_label": null,
                      "volume": "control-plane-1-cloudinit.iso"
                    }
                  },
                  "target": {
                    "bus": "sata",
                    "dev": "sda",
                    "removable": null,
                    "rotation_rate": null,
                    "tray": null
                  },
                  "throttle_filters": null,
                  "transient": null,
                  "vendor": null,
                  "wwn": null
                }
              ],
              "emulator": null,
              "filesystems": null,
              "graphics": [
                {
                  "audio": null,
                  "dbus": null,
                  "desktop": null,
                  "egl_headless": null,
                  "rdp": null,
                  "sdl": null,
                  "spice": {
                    "auto_port": null,
                    "channel": null,
                    "clip_board": null,
                    "connected": null,
                    "default_mode": null,
                    "file_transfer": null,
                    "gl": null,
                    "image": null,
                    "jpeg": null,
                    "keymap": null,
                    "listen": null,
                    "listeners": null,
                    "mouse": null,
                    "passwd": null,
                    "passwd_valid_to": null,
                    "playback": null,
                    "port": null,
                    "streaming": null,
                    "tls_port": null,
                    "zlib": null
                  },
                  "vnc": null
                }
              ],
              "hostdevs": null,
              "hubs": null,
              "inputs": null,
              "interfaces": [
                {
                  "acpi": null,
                  "address": null,
                  "alias": null,
                  "backend": null,
                  "backend_domain": null,
                  "bandwidth": null,
                  "boot": null,
                  "coalesce": null,
                  "down_script": null,
                  "driver": null,
                  "filter_ref": null,
                  "guest": null,
                  "ip": null,
                  "link": null,
                  "mac": null,
                  "managed": null,
                  "model": {
                    "type": "virtio"
                  },
                  "mtu": null,
                  "port_forward": null,
                  "port_options": null,
                  "rom": null,
                  "route": null,
                  "script": null,
                  "source": {
                    "bridge": null,
                    "client": null,
                    "direct": null,
                    "ethernet": null,
                    "hostdev": null,
                    "internal": null,
                    "mcast": null,
                    "network": {
                      "bridge": null,
                      "network": "virbr01",
                      "port_group": null,
                      "port_id": null
                    },
                    "null": null,
                    "server": null,
                    "udp": null,
                    "user": null,
                    "vdpa": null,
                    "vds": null,
                    "vhost_user": null
                  },
                  "target": null,
                  "teaming": null,
                  "trust_guest_rx_filters": null,
                  "tune": null,
                  "virtual_port": null,
                  "vlan": null,
                  "wait_for_ip": null
                }
              ],
              "iommu": null,
              "leases": null,
              "mem_balloon": null,
              "memorydevs": null,
              "nvram": null,
              "panics": null,
              "parallels": null,
              "pstore": null,
              "redir_devs": null,
              "redir_filters": null,
              "rngs": null,
              "serials": [
                {
                  "acpi": null,
                  "address": null,
                  "alias": null,
                  "log": null,
                  "protocol": null,
                  "source": null,
                  "target": {
                    "model": null,
                    "port": 0,
                    "type": "isa-serial"
                  }
                }
              ],
              "shmems": null,
              "smartcards": null,
              "sounds": null,
              "tpms": null,
              "videos": null,
              "vsock": null,
              "watchdogs": null
            },
            "features": {
              "acpi": true,
              "aia": null,
              "apic": null,
              "async_teardown": null,
              "capabilities": null,
              "ccf_assist": null,
              "cfpc": null,
              "gic": null,
              "hap": null,
              "hpt": null,
              "htm": null,
              "hyper_v": null,
              "ibs": null,
              "ioapic": null,
              "kvm": null,
              "msrs": null,
              "nested_hv": null,
              "pae": null,
              "pmu": null,
              "priv_net": null,
              "ps2": null,
              "pv_spinlock": null,
              "ras": null,
              "sbbc": null,
              "smm": null,
              "tcg": null,
              "viridian": null,
              "vm_core_info": null,
              "vm_port": null,
              "xen": null
            },
            "gen_id": null,
            "hwuuid": null,
            "id": 4,
            "id_map": null,
            "io_thread_i_ds": null,
            "io_threads": null,
            "key_wrap": null,
            "launch_security": null,
            "lxc_namespace": null,
            "maximum_memory": null,
            "maximum_memory_slots": null,
            "maximum_memory_unit": null,
            "memory": 4096,
            "memory_backing": null,
            "memory_dump_core": null,
            "memory_tune": null,
            "memory_unit": "MiB",
            "metadata": null,
            "name": "control-plane-1",
            "numa_tune": null,
            "on_crash": null,
            "on_poweroff": null,
            "on_reboot": null,
            "os": {
              "acpi": null,
              "bios": null,
              "boot_devices": null,
              "boot_menu": null,
              "cmdline": null,
              "dtb": null,
              "firmware": "efi",
              "firmware_info": {
                "features": [
                  {
                    "enabled": "no",
                    "name": "enrolled-keys"
                  },
                  {
                    "enabled": "no",
                    "name": "secure-boot"
                  }
                ]
              },
              "init": null,
              "init_args": null,
              "init_dir": null,
              "init_env": null,
              "init_group": null,
              "init_user": null,
              "initrd": null,
              "kernel": null,
              "loader": null,
              "loader_format": null,
              "loader_readonly": null,
              "loader_secure": null,
              "loader_stateless": null,
              "loader_type": null,
              "nv_ram": null,
              "shim": null,
              "sm_bios": null,
              "type": "hvm",
              "type_arch": null,
              "type_machine": "q35"
            },
            "perf": null,
            "pm": null,
            "qemu_capabilities": null,
            "qemu_commandline": null,
            "qemu_deprecation": null,
            "qemu_override": null,
            "resource": null,
            "running": true,
            "sec_label": null,
            "sys_info": null,
            "throttle_groups": null,
            "title": null,
            "type": "kvm",
            "update": null,
            "uuid": "06190d14-d628-4b23-aa9c-cfc6405a78a3",
            "vcpu": 2,
            "vcpu_cpuset": null,
            "vcpu_current": null,
            "vcpu_placement": null,
            "vcpus": null,
            "vmware_data_center_path": null,
            "xen_commandline": null
          },
          "sensitive_attributes": [],
          "identity_schema_version": 0,
          "dependencies": [
            "libvirt_cloudinit_disk.init",
            "libvirt_network.virbr",
            "libvirt_volume.base",
            "libvirt_volume.cloudinit",
            "libvirt_volume.os_disk"
          ]
        },
        {
          "index_key": "worker01",
          "schema_version": 0,
          "attributes": {
            "autostart": null,
            "bhyve_commandline": null,
            "block_io_tune": null,
            "bootloader": null,
            "bootloader_args": null,
            "clock": null,
            "cpu": {
              "cache": null,
              "check": null,
              "deprecated_features": null,
              "features": null,
              "match": null,
              "max_phys_addr": null,
              "migratable": null,
              "mode": "host-passthrough",
              "model": null,
              "model_fallback": null,
              "model_vendor_id": null,
              "numa": null,
              "topology": null,
              "vendor": null
            },
            "cpu_tune": null,
            "create": null,
            "current_memory": null,
            "current_memory_unit": null,
            "default_io_thread": null,
            "description": null,
            "destroy": null,
            "devices": {
              "audios": null,
              "channels": null,
              "consoles": null,
              "controllers": null,
              "crypto": null,
              "disks": [
                {
                  "acpi": null,
                  "address": null,
                  "alias": null,
                  "auth": null,
                  "backend_domain": null,
                  "backing_store": null,
                  "block_io": null,
                  "boot": null,
                  "device": null,
                  "driver": {
                    "ats": null,
                    "cache": null,
                    "copy_on_read": null,
                    "detect_zeros": null,
                    "discard": null,
                    "discard_no_unref": null,
                    "error_policy": null,
                    "event_idx": null,
                    "io": null,
                    "io_event_fd": null,
                    "io_thread": null,
                    "io_threads": null,
                    "iommu": null,
                    "metadata_cache": null,
                    "name": "qemu",
                    "packed": null,
                    "page_per_vq": null,
                    "queue_size": null,
                    "queues": null,
                    "rerror_policy": null,
                    "type": "qcow2"
                  },
                  "encryption": null,
                  "geometry": null,
                  "io_tune": null,
                  "mirror": null,
                  "model": null,
                  "product": null,
                  "raw_io": null,
                  "read_only": null,
                  "serial": null,
                  "sgio": null,
                  "shareable": null,
                  "snapshot": null,
                  "source": {
                    "block": null,
                    "cookies": null,
                    "data_store": null,
                    "dir": null,
                    "encryption": null,
                    "file": null,
                    "index": null,
                    "network": null,
                    "nvme": null,
                    "readahead": null,
                    "reservations": null,
                    "slices": null,
                    "ssl": null,
                    "startup_policy": null,
                    "timeout": null,
                    "vhost_user": null,
                    "vhost_vdpa": null,
                    "volume": {
                      "mode": null,
                      "pool": "VMs",
                      "sec_label": null,
                      "volume": "worker01.qcow2"
                    }
                  },
                  "target": {
                    "bus": "virtio",
                    "dev": "vda",
                    "removable": null,
                    "rotation_rate": null,
                    "tray": null
                  },
                  "throttle_filters": null,
                  "transient": null,
                  "vendor": null,
                  "wwn": null
                },
                {
                  "acpi": null,
                  "address": null,
                  "alias": null,
                  "auth": null,
                  "backend_domain": null,
                  "backing_store": null,
                  "block_io": null,
                  "boot": null,
                  "device": "cdrom",
                  "driver": {
                    "ats": null,
                    "cache": null,
                    "copy_on_read": null,
                    "detect_zeros": null,
                    "discard": null,
                    "discard_no_unref": null,
                    "error_policy": null,
                    "event_idx": null,
                    "io": null,
                    "io_event_fd": null,
                    "io_thread": null,
                    "io_threads": null,
                    "iommu": null,
                    "metadata_cache": null,
                    "name": "qemu",
                    "packed": null,
                    "page_per_vq": null,
                    "queue_size": null,
                    "queues": null,
                    "rerror_policy": null,
                    "type": "raw"
                  },
                  "encryption": null,
                  "geometry": null,
                  "io_tune": null,
                  "mirror": null,
                  "model": null,
                  "product": null,
                  "raw_io": null,
                  "read_only": null,
                  "serial": null,
                  "sgio": null,
                  "shareable": null,
                  "snapshot": null,
                  "source": {
                    "block": null,
                    "cookies": null,
                    "data_store": null,
                    "dir": null,
                    "encryption": null,
                    "file": null,
                    "index": null,
                    "network": null,
                    "nvme": null,
                    "readahead": null,
                    "reservations": null,
                    "slices": null,
                    "ssl": null,
                    "startup_policy": null,
                    "timeout": null,
                    "vhost_user": null,
                    "vhost_vdpa": null,
                    "volume": {
                      "mode": null,
                      "pool": "VMs",
                      "sec_label": null,
                      "volume": "worker01-cloudinit.iso"
                    }
                  },
                  "target": {
                    "bus": "sata",
                    "dev": "sda",
                    "removable": null,
                    "rotation_rate": null,
                    "tray": null
                  },
                  "throttle_filters": null,
                  "transient": null,
                  "vendor": null,
                  "wwn": null
                }
              ],
              "emulator": null,
              "filesystems": null,
              "graphics": [
                {
                  "audio": null,
                  "dbus": null,
                  "desktop": null,
                  "egl_headless": null,
                  "rdp": null,
                  "sdl": null,
                  "spice": {
                    "auto_port": null,
                    "channel": null,
                    "clip_board": null,
                    "connected": null,
                    "default_mode": null,
                    "file_transfer": null,
                    "gl": null,
                    "image": null,
                    "jpeg": null,
                    "keymap": null,
                    "listen": null,
                    "listeners": null,
                    "mouse": null,
                    "passwd": null,
                    "passwd_valid_to": null,
                    "playback": null,
                    "port": null,
                    "streaming": null,
                    "tls_port": null,
                    "zlib": null
                  },
                  "vnc": null
                }
              ],
              "hostdevs": null,
              "hubs": null,
              "inputs": null,
              "interfaces": [
                {
                  "acpi": null,
                  "address": null,
                  "alias": null,
                  "backend": null,
                  "backend_domain": null,
                  "bandwidth": null,
                  "boot": null,
                  "coalesce": null,
                  "down_script": null,
                  "driver": null,
                  "filter_ref": null,
                  "guest": null,
                  "ip": null,
                  "link": null,
                  "mac": null,
                  "managed": null,
                  "model": {
                    "type": "virtio"
                  },
                  "mtu": null,
                  "port_forward": null,
                  "port_options": null,
                  "rom": null,
                  "route": null,
                  "script": null,
                  "source": {
                    "bridge": null,
                    "client": null,
                    "direct": null,
                    "ethernet": null,
                    "hostdev": null,
                    "internal": null,
                    "mcast": null,
                    "network": {
                      "bridge": null,
                      "network": "virbr01",
                      "port_group": null,
                      "port_id": null
                    },
                    "null": null,
                    "server": null,
                    "udp": null,
                    "user": null,
                    "vdpa": null,
                    "vds": null,
                    "vhost_user": null
                  },
                  "target": null,
                  "teaming": null,
                  "trust_guest_rx_filters": null,
                  "tune": null,
                  "virtual_port": null,
                  "vlan": null,
                  "wait_for_ip": null
                }
              ],
              "iommu": null,
              "leases": null,
              "mem_balloon": null,
              "memorydevs": null,
              "nvram": null,
              "panics": null,
              "parallels": null,
              "pstore": null,
              "redir_devs": null,
              "redir_filters": null,
              "rngs": null,
              "serials": [
                {
                  "acpi": null,
                  "address": null,
                  "alias": null,
                  "log": null,
                  "protocol": null,
                  "source": null,
                  "target": {
                    "model": null,
                    "port": 0,
                    "type": "isa-serial"
                  }
                }
              ],
              "shmems": null,
              "smartcards": null,
              "sounds": null,
              "tpms": null,
              "videos": null,
              "vsock": null,
              "watchdogs": null
            },
            "features": {
              "acpi": true,
              "aia": null,
              "apic": null,
              "async_teardown": null,
              "capabilities": null,
              "ccf_assist": null,
              "cfpc": null,
              "gic": null,
              "hap": null,
              "hpt": null,
              "htm": null,
              "hyper_v": null,
              "ibs": null,
              "ioapic": null,
              "kvm": null,
              "msrs": null,
              "nested_hv": null,
              "pae": null,
              "pmu": null,
              "priv_net": null,
              "ps2": null,
              "pv_spinlock": null,
              "ras": null,
              "sbbc": null,
              "smm": null,
              "tcg": null,
              "viridian": null,
              "vm_core_info": null,
              "vm_port": null,
              "xen": null
            },
            "gen_id": null,
            "hwuuid": null,
            "id": 6,
            "id_map": null,
            "io_thread_i_ds": null,
            "io_threads": null,
            "key_wrap": null,
            "launch_security": null,
            "lxc_namespace": null,
            "maximum_memory": null,
            "maximum_memory_slots": null,
            "maximum_memory_unit": null,
            "memory": 4096,
            "memory_backing": null,
            "memory_dump_core": null,
            "memory_tune": null,
            "memory_unit": "MiB",
            "metadata": null,
            "name": "worker01",
            "numa_tune": null,
            "on_crash": null,
            "on_poweroff": null,
            "on_reboot": null,
            "os": {
              "acpi": null,
              "bios": null,
              "boot_devices": null,
              "boot_menu": null,
              "cmdline": null,
              "dtb": null,
              "firmware": "efi",
              "firmware_info": {
                "features": [
                  {
                    "enabled": "no",
                    "name": "enrolled-keys"
                  },
                  {
                    "enabled": "no",
                    "name": "secure-boot"
                  }
                ]
              },
              "init": null,
              "init_args": null,
              "init_dir": null,
              "init_env": null,
              "init_group": null,
              "init_user": null,
              "initrd": null,
              "kernel": null,
              "loader": null,
              "loader_format": null,
              "loader_readonly": null,
              "loader_secure": null,
              "loader_stateless": null,
              "loader_type": null,
              "nv_ram": null,
              "shim": null,
              "sm_bios": null,
              "type": "hvm",
              "type_arch": null,
              "type_machine": "q35"
            },
            "perf": null,
            "pm": null,
            "qemu_capabilities": null,
            "qemu_commandline": null,
            "qemu_deprecation": null,
            "qemu_override": null,
            "resource": null,
            "running": true,
            "sec_label": null,
            "sys_info": null,
            "throttle_groups": null,
            "title": null,
            "type": "kvm",
            "update": null,
            "uuid": "34cb58f8-d052-443e-88a1-9dd9c9ce335a",
            "vcpu": 2,
            "vcpu_cpuset": null,
            "vcpu_current": null,
            "vcpu_placement": null,
            "vcpus": null,
            "vmware_data_center_path": null,
            "xen_commandline": null
          },
          "sensitive_attributes": [],
          "identity_schema_version": 0,
          "dependencies": [
            "libvirt_cloudinit_disk.init",
            "libvirt_network.virbr",
            "libvirt_volume.base",
            "libvirt_volume.cloudinit",
            "libvirt_volume.os_disk"
          ]
        },
        {
          "index_key": "worker02",
          "schema_version": 0,
          "attributes": {
            "autostart": null,
            "bhyve_commandline": null,
            "block_io_tune": null,
            "bootloader": null,
            "bootloader_args": null,
            "clock": null,
            "cpu": {
              "cache": null,
              "check": null,
              "deprecated_features": null,
              "features": null,
              "match": null,
              "max_phys_addr": null,
              "migratable": null,
              "mode": "host-passthrough",
              "model": null,
              "model_fallback": null,
              "model_vendor_id": null,
              "numa": null,
              "topology": null,
              "vendor": null
            },
            "cpu_tune": null,
            "create": null,
            "current_memory": null,
            "current_memory_unit": null,
            "default_io_thread": null,
            "description": null,
            "destroy": null,
            "devices": {
              "audios": null,
              "channels": null,
              "consoles": null,
              "controllers": null,
              "crypto": null,
              "disks": [
                {
                  "acpi": null,
                  "address": null,
                  "alias": null,
                  "auth": null,
                  "backend_domain": null,
                  "backing_store": null,
                  "block_io": null,
                  "boot": null,
                  "device": null,
                  "driver": {
                    "ats": null,
                    "cache": null,
                    "copy_on_read": null,
                    "detect_zeros": null,
                    "discard": null,
                    "discard_no_unref": null,
                    "error_policy": null,
                    "event_idx": null,
                    "io": null,
                    "io_event_fd": null,
                    "io_thread": null,
                    "io_threads": null,
                    "iommu": null,
                    "metadata_cache": null,
                    "name": "qemu",
                    "packed": null,
                    "page_per_vq": null,
                    "queue_size": null,
                    "queues": null,
                    "rerror_policy": null,
                    "type": "qcow2"
                  },
                  "encryption": null,
                  "geometry": null,
                  "io_tune": null,
                  "mirror": null,
                  "model": null,
                  "product": null,
                  "raw_io": null,
                  "read_only": null,
                  "serial": null,
                  "sgio": null,
                  "shareable": null,
                  "snapshot": null,
                  "source": {
                    "block": null,
                    "cookies": null,
                    "data_store": null,
                    "dir": null,
                    "encryption": null,
                    "file": null,
                    "index": null,
                    "network": null,
                    "nvme": null,
                    "readahead": null,
                    "reservations": null,
                    "slices": null,
                    "ssl": null,
                    "startup_policy": null,
                    "timeout": null,
                    "vhost_user": null,
                    "vhost_vdpa": null,
                    "volume": {
                      "mode": null,
                      "pool": "VMs",
                      "sec_label": null,
                      "volume": "worker02.qcow2"
                    }
                  },
                  "target": {
                    "bus": "virtio",
                    "dev": "vda",
                    "removable": null,
                    "rotation_rate": null,
                    "tray": null
                  },
                  "throttle_filters": null,
                  "transient": null,
                  "vendor": null,
                  "wwn": null
                },
                {
                  "acpi": null,
                  "address": null,
                  "alias": null,
                  "auth": null,
                  "backend_domain": null,
                  "backing_store": null,
                  "block_io": null,
                  "boot": null,
                  "device": "cdrom",
                  "driver": {
                    "ats": null,
                    "cache": null,
                    "copy_on_read": null,
                    "detect_zeros": null,
                    "discard": null,
                    "discard_no_unref": null,
                    "error_policy": null,
                    "event_idx": null,
                    "io": null,
                    "io_event_fd": null,
                    "io_thread": null,
                    "io_threads": null,
                    "iommu": null,
                    "metadata_cache": null,
                    "name": "qemu",
                    "packed": null,
                    "page_per_vq": null,
                    "queue_size": null,
                    "queues": null,
                    "rerror_policy": null,
                    "type": "raw"
                  },
                  "encryption": null,
                  "geometry": null,
                  "io_tune": null,
                  "mirror": null,
                  "model": null,
                  "product": null,
                  "raw_io": null,
                  "read_only": null,
                  "serial": null,
                  "sgio": null,
                  "shareable": null,
                  "snapshot": null,
                  "source": {
                    "block": null,
                    "cookies": null,
                    "data_store": null,
                    "dir": null,
                    "encryption": null,
                    "file": null,
                    "index": null,
                    "network": null,
                    "nvme": null,
                    "readahead": null,
                    "reservations": null,
                    "slices": null,
                    "ssl": null,
                    "startup_policy": null,
                    "timeout": null,
                    "vhost_user": null,
                    "vhost_vdpa": null,
                    "volume": {
                      "mode": null,
                      "pool": "VMs",
                      "sec_label": null,
                      "volume": "worker02-cloudinit.iso"
                    }
                  },
                  "target": {
                    "bus": "sata",
                    "dev": "sda",
                    "removable": null,
                    "rotation_rate": null,
                    "tray": null
                  },
                  "throttle_filters": null,
                  "transient": null,
                  "vendor": null,
                  "wwn": null
                }
              ],
              "emulator": null,
              "filesystems": null,
              "graphics": [
                {
                  "audio": null,
                  "dbus": null,
                  "desktop": null,
                  "egl_headless": null,
                  "rdp": null,
                  "sdl": null,
                  "spice": {
                    "auto_port": null,
                    "channel": null,
                    "clip_board": null,
                    "connected": null,
                    "default_mode": null,
                    "file_transfer": null,
                    "gl": null,
                    "image": null,
                    "jpeg": null,
                    "keymap": null,
                    "listen": null,
                    "listeners": null,
                    "mouse": null,
                    "passwd": null,
                    "passwd_valid_to": null,
                    "playback": null,
                    "port": null,
                    "streaming": null,
                    "tls_port": null,
                    "zlib": null
                  },
                  "vnc": null
                }
              ],
              "hostdevs": null,
              "hubs": null,
              "inputs": null,
              "interfaces": [
                {
                  "acpi": null,
                  "address": null,
                  "alias": null,
                  "backend": null,
                  "backend_domain": null,
                  "bandwidth": null,
                  "boot": null,
                  "coalesce": null,
                  "down_script": null,
                  "driver": null,
                  "filter_ref": null,
                  "guest": null,
                  "ip": null,
                  "link": null,
                  "mac": null,
                  "managed": null,
                  "model": {
                    "type": "virtio"
                  },
                  "mtu": null,
                  "port_forward": null,
                  "port_options": null,
                  "rom": null,
                  "route": null,
                  "script": null,
                  "source": {
                    "bridge": null,
                    "client": null,
                    "direct": null,
                    "ethernet": null,
                    "hostdev": null,
                    "internal": null,
                    "mcast": null,
                    "network": {
                      "bridge": null,
                      "network": "virbr01",
                      "port_group": null,
                      "port_id": null
                    },
                    "null": null,
                    "server": null,
                    "udp": null,
                    "user": null,
                    "vdpa": null,
                    "vds": null,
                    "vhost_user": null
                  },
                  "target": null,
                  "teaming": null,
                  "trust_guest_rx_filters": null,
                  "tune": null,
                  "virtual_port": null,
                  "vlan": null,
                  "wait_for_ip": null
                }
              ],
              "iommu": null,
              "leases": null,
              "mem_balloon": null,
              "memorydevs": null,
              "nvram": null,
              "panics": null,
              "parallels": null,
              "pstore": null,
              "redir_devs": null,
              "redir_filters": null,
              "rngs": null,
              "serials": [
                {
                  "acpi": null,
                  "address": null,
                  "alias": null,
                  "log": null,
                  "protocol": null,
                  "source": null,
                  "target": {
                    "model": null,
                    "port": 0,
                    "type": "isa-serial"
                  }
                }
              ],
              "shmems": null,
              "smartcards": null,
              "sounds": null,
              "tpms": null,
              "videos": null,
              "vsock": null,
              "watchdogs": null
            },
            "features": {
              "acpi": true,
              "aia": null,
              "apic": null,
              "async_teardown": null,
              "capabilities": null,
              "ccf_assist": null,
              "cfpc": null,
              "gic": null,
              "hap": null,
              "hpt": null,
              "htm": null,
              "hyper_v": null,
              "ibs": null,
              "ioapic": null,
              "kvm": null,
              "msrs": null,
              "nested_hv": null,
              "pae": null,
              "pmu": null,
              "priv_net": null,
              "ps2": null,
              "pv_spinlock": null,
              "ras": null,
              "sbbc": null,
              "smm": null,
              "tcg": null,
              "viridian": null,
              "vm_core_info": null,
              "vm_port": null,
              "xen": null
            },
            "gen_id": null,
            "hwuuid": null,
            "id": 5,
            "id_map": null,
            "io_thread_i_ds": null,
            "io_threads": null,
            "key_wrap": null,
            "launch_security": null,
            "lxc_namespace": null,
            "maximum_memory": null,
            "maximum_memory_slots": null,
            "maximum_memory_unit": null,
            "memory": 4096,
            "memory_backing": null,
            "memory_dump_core": null,
            "memory_tune": null,
            "memory_unit": "MiB",
            "metadata": null,
            "name": "worker02",
            "numa_tune": null,
            "on_crash": null,
            "on_poweroff": null,
            "on_reboot": null,
            "os": {
              "acpi": null,
              "bios": null,
              "boot_devices": null,
              "boot_menu": null,
              "cmdline": null,
              "dtb": null,
              "firmware": "efi",
              "firmware_info": {
                "features": [
                  {
                    "enabled": "no",
                    "name": "enrolled-keys"
                  },
                  {
                    "enabled": "no",
                    "name": "secure-boot"
                  }
                ]
              },
              "init": null,
              "init_args": null,
              "init_dir": null,
              "init_env": null,
              "init_group": null,
              "init_user": null,
              "initrd": null,
              "kernel": null,
              "loader": null,
              "loader_format": null,
              "loader_readonly": null,
              "loader_secure": null,
              "loader_stateless": null,
              "loader_type": null,
              "nv_ram": null,
              "shim": null,
              "sm_bios": null,
              "type": "hvm",
              "type_arch": null,
              "type_machine": "q35"
            },
            "perf": null,
            "pm": null,
            "qemu_capabilities": null,
            "qemu_commandline": null,
            "qemu_deprecation": null,
            "qemu_override": null,
            "resource": null,
            "running": true,
            "sec_label": null,
            "sys_info": null,
            "throttle_groups": null,
            "title": null,
            "type": "kvm",
            "update": null,
            "uuid": "ebae6d16-ecd9-4fa1-b821-4e558371f5ed",
            "vcpu": 2,
            "vcpu_cpuset": null,
            "vcpu_current": null,
            "vcpu_placement": null,
            "vcpus": null,
            "vmware_data_center_path": null,
            "xen_commandline": null
          },
          "sensitive_attributes": [],
          "identity_schema_version": 0,
          "dependencies": [
            "libvirt_cloudinit_disk.init",
            "libvirt_network.virbr",
            "libvirt_volume.base",
            "libvirt_volume.cloudinit",
            "libvirt_volume.os_disk"
          ]
        }
      ]
    },
    {
      "mode": "managed",
      "type": "libvirt_network",
      "name": "virbr",
      "provider": "provider[\"registry.terraform.io/dmacvicar/libvirt\"]",
      "instances": [
        {
          "schema_version": 0,
          "attributes": {
            "autostart": true,
            "bandwidth": null,
            "bridge": {
              "delay": null,
              "mac_table_manager": null,
              "name": "virbr01",
              "stp": null,
              "zone": null
            },
            "dns": null,
            "dnsmasq_options": null,
            "domain": null,
            "forward": null,
            "id": "dc07d289-853f-44d5-929e-e8f6048e21ce",
            "ips": [
              {
                "address": "192.168.100.1",
                "dhcp": {
                  "bootp": null,
                  "hosts": null,
                  "ranges": null
                },
                "family": "ipv4",
                "local_ptr": null,
                "netmask": "255.255.255.0",
                "prefix": null,
                "tftp": null
              }
            ],
            "ipv6": null,
            "mac": null,
            "metadata": null,
            "mtu": null,
            "name": "virbr01",
            "port_groups": null,
            "port_options": null,
            "routes": null,
            "trust_guest_rx_filters": null,
            "uuid": "dc07d289-853f-44d5-929e-e8f6048e21ce",
            "virtual_port": null,
            "vlan": null
          },
          "sensitive_attributes": [],
          "identity_schema_version": 0
        }
      ]
    },
    {
      "mode": "managed",
      "type": "libvirt_volume",
      "name": "base",
      "provider": "provider[\"registry.terraform.io/dmacvicar/libvirt\"]",
      "instances": [
        {
          "schema_version": 0,
          "attributes": {
            "allocation": 624242688,
            "allocation_unit": null,
            "backing_store": null,
            "capacity": 3758096384,
            "capacity_unit": null,
            "create": {
              "content": {
                "url": "/var/lib/libvirt/images/base/ubuntu-24.04-server-cloudimg-amd64.img"
              }
            },
            "id": "/var/lib/libvirt/images/ubuntu-24.04-base.qcow2",
            "key": "/var/lib/libvirt/images/ubuntu-24.04-base.qcow2",
            "name": "ubuntu-24.04-base.qcow2",
            "path": "/var/lib/libvirt/images/ubuntu-24.04-base.qcow2",
            "physical": 624239616,
            "physical_unit": null,
            "pool": "VMs",
            "target": {
              "cluster_size": null,
              "cluster_size_unit": null,
              "compat": null,
              "encryption": null,
              "features": null,
              "format": {
                "type": "qcow2"
              },
              "path": "/var/lib/libvirt/images/ubuntu-24.04-base.qcow2",
              "permissions": null,
              "timestamps": null
            },
            "type": null
          },
          "sensitive_attributes": [],
          "identity_schema_version": 0
        }
      ]
    },
    {
      "mode": "managed",
      "type": "libvirt_volume",
      "name": "cloudinit",
      "provider": "provider[\"registry.terraform.io/dmacvicar/libvirt\"]",
      "instances": [
        {
          "index_key": "control-plane-1",
          "schema_version": 0,
          "attributes": {
            "allocation": 45056,
            "allocation_unit": null,
            "backing_store": null,
            "capacity": 45056,
            "capacity_unit": null,
            "create": {
              "content": {
                "url": "/tmp/terraform-provider-libvirt-cloudinit/cloudinit-75c7a55175d0e639.iso"
              }
            },
            "id": "/var/lib/libvirt/images/control-plane-1-cloudinit.iso",
            "key": "/var/lib/libvirt/images/control-plane-1-cloudinit.iso",
            "name": "control-plane-1-cloudinit.iso",
            "path": "/var/lib/libvirt/images/control-plane-1-cloudinit.iso",
            "physical": 45056,
            "physical_unit": null,
            "pool": "VMs",
            "target": null,
            "type": null
          },
          "sensitive_attributes": [],
          "identity_schema_version": 0,
          "dependencies": [
            "libvirt_cloudinit_disk.init"
          ]
        },
        {
          "index_key": "worker01",
          "schema_version": 0,
          "attributes": {
            "allocation": 45056,
            "allocation_unit": null,
            "backing_store": null,
            "capacity": 45056,
            "capacity_unit": null,
            "create": {
              "content": {
                "url": "/tmp/terraform-provider-libvirt-cloudinit/cloudinit-69ff69f530a2b4bb.iso"
              }
            },
            "id": "/var/lib/libvirt/images/worker01-cloudinit.iso",
            "key": "/var/lib/libvirt/images/worker01-cloudinit.iso",
            "name": "worker01-cloudinit.iso",
            "path": "/var/lib/libvirt/images/worker01-cloudinit.iso",
            "physical": 45056,
            "physical_unit": null,
            "pool": "VMs",
            "target": null,
            "type": null
          },
          "sensitive_attributes": [],
          "identity_schema_version": 0,
          "dependencies": [
            "libvirt_cloudinit_disk.init"
          ]
        },
        {
          "index_key": "worker02",
          "schema_version": 0,
          "attributes": {
            "allocation": 45056,
            "allocation_unit": null,
            "backing_store": null,
            "capacity": 45056,
            "capacity_unit": null,
            "create": {
              "content": {
                "url": "/tmp/terraform-provider-libvirt-cloudinit/cloudinit-0a21761b20a1dec3.iso"
              }
            },
            "id": "/var/lib/libvirt/images/worker02-cloudinit.iso",
            "key": "/var/lib/libvirt/images/worker02-cloudinit.iso",
            "name": "worker02-cloudinit.iso",
            "path": "/var/lib/libvirt/images/worker02-cloudinit.iso",
            "physical": 45056,
            "physical_unit": null,
            "pool": "VMs",
            "target": null,
            "type": null
          },
          "sensitive_attributes": [],
          "identity_schema_version": 0,
          "dependencies": [
            "libvirt_cloudinit_disk.init"
          ]
        }
      ]
    },
    {
      "mode": "managed",
      "type": "libvirt_volume",
      "name": "os_disk",
      "provider": "provider[\"registry.terraform.io/dmacvicar/libvirt\"]",
      "instances": [
        {
          "index_key": "control-plane-1",
          "schema_version": 0,
          "attributes": {
            "allocation": 200704,
            "allocation_unit": null,
            "backing_store": {
              "format": {
                "type": "qcow2"
              },
              "path": "/var/lib/libvirt/images/ubuntu-24.04-base.qcow2",
              "permissions": null
            },
            "capacity": 34359738368,
            "capacity_unit": null,
            "create": null,
            "id": "/var/lib/libvirt/images/control-plane-1.qcow2",
            "key": "/var/lib/libvirt/images/control-plane-1.qcow2",
            "name": "control-plane-1.qcow2",
            "path": "/var/lib/libvirt/images/control-plane-1.qcow2",
            "physical": 197120,
            "physical_unit": null,
            "pool": "VMs",
            "target": {
              "cluster_size": null,
              "cluster_size_unit": null,
              "compat": null,
              "encryption": null,
              "features": null,
              "format": {
                "type": "qcow2"
              },
              "path": "/var/lib/libvirt/images/control-plane-1.qcow2",
              "permissions": null,
              "timestamps": null
            },
            "type": null
          },
          "sensitive_attributes": [],
          "identity_schema_version": 0,
          "dependencies": [
            "libvirt_volume.base"
          ]
        },
        {
          "index_key": "worker01",
          "schema_version": 0,
          "attributes": {
            "allocation": 200704,
            "allocation_unit": null,
            "backing_store": {
              "format": {
                "type": "qcow2"
              },
              "path": "/var/lib/libvirt/images/ubuntu-24.04-base.qcow2",
              "permissions": null
            },
            "capacity": 34359738368,
            "capacity_unit": null,
            "create": null,
            "id": "/var/lib/libvirt/images/worker01.qcow2",
            "key": "/var/lib/libvirt/images/worker01.qcow2",
            "name": "worker01.qcow2",
            "path": "/var/lib/libvirt/images/worker01.qcow2",
            "physical": 197120,
            "physical_unit": null,
            "pool": "VMs",
            "target": {
              "cluster_size": null,
              "cluster_size_unit": null,
              "compat": null,
              "encryption": null,
              "features": null,
              "format": {
                "type": "qcow2"
              },
              "path": "/var/lib/libvirt/images/worker01.qcow2",
              "permissions": null,
              "timestamps": null
            },
            "type": null
          },
          "sensitive_attributes": [],
          "identity_schema_version": 0,
          "dependencies": [
            "libvirt_volume.base"
          ]
        },
        {
          "index_key": "worker02",
          "schema_version": 0,
          "attributes": {
            "allocation": 200704,
            "allocation_unit": null,
            "backing_store": {
              "format": {
                "type": "qcow2"
              },
              "path": "/var/lib/libvirt/images/ubuntu-24.04-base.qcow2",
              "permissions": null
            },
            "capacity": 34359738368,
            "capacity_unit": null,
            "create": null,
            "id": "/var/lib/libvirt/images/worker02.qcow2",
            "key": "/var/lib/libvirt/images/worker02.qcow2",
            "name": "worker02.qcow2",
            "path": "/var/lib/libvirt/images/worker02.qcow2",
            "physical": 197120,
            "physical_unit": null,
            "pool": "VMs",
            "target": {
              "cluster_size": null,
              "cluster_size_unit": null,
              "compat": null,
              "encryption": null,
              "features": null,
              "format": {
                "type": "qcow2"
              },
              "path": "/var/lib/libvirt/images/worker02.qcow2",
              "permissions": null,
              "timestamps": null
            },
            "type": null
          },
          "sensitive_attributes": [],
          "identity_schema_version": 0,
          "dependencies": [
            "libvirt_volume.base"
          ]
        }
      ]
    }
  ],
  "check_results": null
}
